
Microsoft Visual Studio Solution File, Format Version 11.00
# Visual Studio 2010
Project("{FAE04EC0-301F-11D3-BF4B-00C04F79EFBC}") = "SpinTheCircle", "Assembly-CSharp.csproj", "{E0C337D9-6F8E-DB3E-5DBD-C8F0D24E2428}"
EndProject
Project("{FAE04EC0-301F-11D3-BF4B-00C04F79EFBC}") = "SpinTheCircle", "Assembly-CSharp-Editor.csproj", "{9D43887D-509E-3FC8-BAB4-A485626E4163}"
EndProject
Global
	GlobalSection(SolutionConfigurationPlatforms) = preSolution
		Debug|Any CPU = Debug|Any CPU
		Release|Any CPU = Release|Any CPU
	EndGlobalSection
	GlobalSection(ProjectConfigurationPlatforms) = postSolution
		{E0C337D9-6F8E-DB3E-5DBD-C8F0D24E2428}.Debug|Any CPU.ActiveCfg = Debug|Any CPU
		{E0C337D9-6F8E-DB3E-5DBD-C8F0D24E2428}.Debug|Any CPU.Build.0 = Debug|Any CPU
		{E0C337D9-6F8E-DB3E-5DBD-C8F0D24E2428}.Release|Any CPU.ActiveCfg = Release|Any CPU
		{E0C337D9-6F8E-DB3E-5DBD-C8F0D24E2428}.Release|Any CPU.Build.0 = Release|Any CPU
		{9D43887D-509E-3FC8-BAB4-A485626E4163}.Debug|Any CPU.ActiveCfg = Debug|Any CPU
		{9D43887D-509E-3FC8-BAB4-A485626E4163}.Debug|Any CPU.Build.0 = Debug|Any CPU
		{9D43887D-509E-3FC8-BAB4-A485626E4163}.Release|Any CPU.ActiveCfg = Release|Any CPU
		{9D43887D-509E-3FC8-BAB4-A485626E4163}.Release|Any CPU.Build.0 = Release|Any CPU
	EndGlobalSection
	GlobalSection(SolutionProperties) = preSolution
		HideSolutionNode = FALSE
	EndGlobalSection
	GlobalSection(MonoDevelopProperties) = preSolution
		StartupItem = Assembly-CSharp.csproj
	EndGlobalSection
EndGlobal
